
Microsoft Visual Studio Solution File, Format Version 12.00
# Visual Studio Version 17
VisualStudioVersion = 17.14.36616.10 d17.14
MinimumVisualStudioVersion = 10.0.40219.1
Project("{FAE04EC0-301F-11D3-BF4B-00C04F79EFBC}") = "A7_menue", "A7_menue\A7_menue.csproj", "{B2DC9454-8B7B-4485-8D61-E3768956DC20}"
EndProject
Global
	GlobalSection(SolutionConfigurationPlatforms) = preSolution
		Debug|Any CPU = Debug|Any CPU
		Release|Any CPU = Release|Any CPU
	EndGlobalSection
	GlobalSection(ProjectConfigurationPlatforms) = postSolution
		{B2DC9454-8B7B-4485-8D61-E3768956DC20}.Debug|Any CPU.ActiveCfg = Debug|Any CPU
		{B2DC9454-8B7B-4485-8D61-E3768956DC20}.Debug|Any CPU.Build.0 = Debug|Any CPU
		{B2DC9454-8B7B-4485-8D61-E3768956DC20}.Release|Any CPU.ActiveCfg = Release|Any CPU
		{B2DC9454-8B7B-4485-8D61-E3768956DC20}.Release|Any CPU.Build.0 = Release|Any CPU
	EndGlobalSection
	GlobalSection(SolutionProperties) = preSolution
		HideSolutionNode = FALSE
	EndGlobalSection
	GlobalSection(ExtensibilityGlobals) = postSolution
		SolutionGuid = {1875A8C2-E436-4930-B092-F2135C2F141A}
	EndGlobalSection
EndGlobal
